
Microsoft Visual Studio Solution File, Format Version 12.00
# Visual Studio Version 17
VisualStudioVersion = 17.10.35013.160
MinimumVisualStudioVersion = 10.0.40219.1
Project("{9A19103F-16F7-4668-BE54-9A1E7A4F7556}") = "Send2Print.Views", "Send2Print.Views\Send2Print.Views.csproj", "{9C045A5C-D76F-428D-AD46-EA693A930C0E}"
EndProject
Project("{9A19103F-16F7-4668-BE54-9A1E7A4F7556}") = "Send2Print.Models", "Send2Print.Models\Send2Print.Models.csproj", "{750C069B-5B54-4864-8F8C-AD44436484E3}"
EndProject
Global
	GlobalSection(SolutionConfigurationPlatforms) = preSolution
		Debug|Any CPU = Debug|Any CPU
		Release|Any CPU = Release|Any CPU
	EndGlobalSection
	GlobalSection(ProjectConfigurationPlatforms) = postSolution
		{9C045A5C-D76F-428D-AD46-EA693A930C0E}.Debug|Any CPU.ActiveCfg = Debug|Any CPU
		{9C045A5C-D76F-428D-AD46-EA693A930C0E}.Debug|Any CPU.Build.0 = Debug|Any CPU
		{9C045A5C-D76F-428D-AD46-EA693A930C0E}.Release|Any CPU.ActiveCfg = Release|Any CPU
		{9C045A5C-D76F-428D-AD46-EA693A930C0E}.Release|Any CPU.Build.0 = Release|Any CPU
		{750C069B-5B54-4864-8F8C-AD44436484E3}.Debug|Any CPU.ActiveCfg = Debug|Any CPU
		{750C069B-5B54-4864-8F8C-AD44436484E3}.Debug|Any CPU.Build.0 = Debug|Any CPU
		{750C069B-5B54-4864-8F8C-AD44436484E3}.Release|Any CPU.ActiveCfg = Release|Any CPU
		{750C069B-5B54-4864-8F8C-AD44436484E3}.Release|Any CPU.Build.0 = Release|Any CPU
	EndGlobalSection
	GlobalSection(SolutionProperties) = preSolution
		HideSolutionNode = FALSE
	EndGlobalSection
	GlobalSection(ExtensibilityGlobals) = postSolution
		SolutionGuid = {35199594-7204-438E-A42E-7E6A7497E99E}
	EndGlobalSection
EndGlobal
